<?xml version="1.0" encoding="utf-8"?>
<Project ToolsVersion="4.0" xmlns="http://schemas.microsoft.com/developer/msbuild/2003">
  <ItemGroup>
    <Filter Include="sources">
      <UniqueIdentifier>{f18ab499-84e1-499f-8eff-9754361e0e52}</UniqueIdentifier>
      <Extensions>cpp;c;cc;cxx;def;odl;idl;hpj;bat;asm;asmx</Extensions>
    </Filter>
    <Filter Include="sources\render">
      <UniqueIdentifier>{65df3e70-1270-48b3-82e8-3fc88a3d4237}</UniqueIdentifier>
    </Filter>
    <Filter Include="sources\imgui">
      <UniqueIdentifier>{20b90ce4-7fcb-4731-b9a0-075f875de82d}</UniqueIdentifier>
    </Filter>
    <Filter Include="sources\glad">
      <UniqueIdentifier>{ccef4641-4c46-48f1-90d6-d597a23b14d6}</UniqueIdentifier>
    </Filter>
    <Filter Include="sources\stb">
      <UniqueIdentifier>{be24f636-64ec-4a9c-966e-cb77a50c42fa}</UniqueIdentifier>
    </Filter>
  </ItemGroup>
  <ItemGroup>
    <ClCompile Include="main.cpp">
      <Filter>sources</Filter>
    </ClCompile>
    <ClCompile Include="..\..\imgui.cpp">
      <Filter>sources\imgui</Filter>
    </ClCompile>
    <ClCompile Include="..\..\imgui_demo.cpp">
      <Filter>sources\imgui</Filter>
    </ClCompile>
    <ClCompile Include="..\..\imgui_draw.cpp">
      <Filter>sources\imgui</Filter>
    </ClCompile>
    <ClCompile Include="..\..\imgui_tables.cpp">
      <Filter>sources\imgui</Filter>
    </ClCompile>
    <ClCompile Include="..\..\imgui_widgets.cpp">
      <Filter>sources\imgui</Filter>
    </ClCompile>
    <ClCompile Include="..\common\bounding-box.cpp">
      <Filter>sources\render</Filter>
    </ClCompile>
    <ClCompile Include="..\common\coordinate-system.cpp">
      <Filter>sources\render</Filter>
    </ClCompile>
    <ClCompile Include="..\common\format.cpp">
      <Filter>sources\render</Filter>
    </ClCompile>
    <ClCompile Include="..\common\histogram.cpp">
      <Filter>sources\render</Filter>
    </ClCompile>
    <ClCompile Include="..\common\option.cpp">
      <Filter>sources\render</Filter>
    </ClCompile>
    <ClCompile Include="..\common\util.cpp">
      <Filter>sources\render</Filter>
    </ClCompile>
    <ClCompile Include="..\integrator\integrator.cpp">
      <Filter>sources\render</Filter>
    </ClCompile>
    <ClCompile Include="..\integrator\path-tracer\path-tracer.cpp">
      <Filter>sources\render</Filter>
    </ClCompile>
    <ClCompile Include="..\integrator\photon-mapper\photon-mapper.cpp">
      <Filter>sources\render</Filter>
    </ClCompile>
    <ClCompile Include="..\material\fresnel.cpp">
      <Filter>sources\render</Filter>
    </ClCompile>
    <ClCompile Include="..\material\ggx.cpp">
      <Filter>sources\render</Filter>
    </ClCompile>
    <ClCompile Include="..\material\material.cpp">
      <Filter>sources\render</Filter>
    </ClCompile>
    <ClCompile Include="..\octree\linear-octree.cpp">
      <Filter>sources\render</Filter>
    </ClCompile>
    <ClCompile Include="..\octree\octree.cpp">
      <Filter>sources\render</Filter>
    </ClCompile>
    <ClCompile Include="..\ray\interaction.cpp">
      <Filter>sources\render</Filter>
    </ClCompile>
    <ClCompile Include="..\ray\ray.cpp">
      <Filter>sources\render</Filter>
    </ClCompile>
    <ClCompile Include="..\scene\scene.cpp">
      <Filter>sources\render</Filter>
    </ClCompile>
    <ClCompile Include="..\surface\quadric.cpp">
      <Filter>sources\render</Filter>
    </ClCompile>
    <ClCompile Include="..\surface\sphere.cpp">
      <Filter>sources\render</Filter>
    </ClCompile>
    <ClCompile Include="..\surface\triangle.cpp">
      <Filter>sources\render</Filter>
    </ClCompile>
    <ClCompile Include="..\bvh\bvh.cpp">
      <Filter>sources\render</Filter>
    </ClCompile>
    <ClCompile Include="..\camera\camera.cpp">
      <Filter>sources\render</Filter>
    </ClCompile>
    <ClCompile Include="..\camera\film.cpp">
      <Filter>sources\render</Filter>
    </ClCompile>
    <ClCompile Include="..\camera\image.cpp">
      <Filter>sources\render</Filter>
    </ClCompile>
    <ClCompile Include="..\camera\pixel-operators.cpp">
      <Filter>sources\render</Filter>
    </ClCompile>
    <ClCompile Include="..\libs\glad\src\glad.c">
      <Filter>sources\glad</Filter>
    </ClCompile>
    <ClCompile Include="..\..\backend\imgui_impl_glfw.cpp">
      <Filter>sources\imgui</Filter>
    </ClCompile>
    <ClCompile Include="..\..\backend\imgui_impl_opengl3.cpp">
      <Filter>sources\imgui</Filter>
    </ClCompile>
  </ItemGroup>
  <ItemGroup>
    <ClInclude Include="..\..\imconfig.h">
      <Filter>sources\imgui</Filter>
    </ClInclude>
    <ClInclude Include="..\..\imgui.h">
      <Filter>sources\imgui</Filter>
    </ClInclude>
    <ClInclude Include="..\..\imgui_internal.h">
      <Filter>sources\imgui</Filter>
    </ClInclude>
    <ClInclude Include="..\common\bounding-box.h">
      <Filter>sources\render</Filter>
    </ClInclude>
    <ClInclude Include="..\common\constants.h">
      <Filter>sources\render</Filter>
    </ClInclude>
    <ClInclude Include="..\common\constexpr-math.h">
      <Filter>sources\render</Filter>
    </ClInclude>
    <ClInclude Include="..\common\coordinate-system.h">
      <Filter>sources\render</Filter>
    </ClInclude>
    <ClInclude Include="..\common\format.h">
      <Filter>sources\render</Filter>
    </ClInclude>
    <ClInclude Include="..\common\histogram.h">
      <Filter>sources\render</Filter>
    </ClInclude>
    <ClInclude Include="..\common\option.h">
      <Filter>sources\render</Filter>
    </ClInclude>
    <ClInclude Include="..\common\priority-queue.h">
      <Filter>sources\render</Filter>
    </ClInclude>
    <ClInclude Include="..\common\unrolled-loop.h">
      <Filter>sources\render</Filter>
    </ClInclude>
    <ClInclude Include="..\common\util.h">
      <Filter>sources\render</Filter>
    </ClInclude>
    <ClInclude Include="..\common\work-queue.h">
      <Filter>sources\render</Filter>
    </ClInclude>
    <ClInclude Include="..\integrator\integrator.h">
      <Filter>sources\render</Filter>
    </ClInclude>
    <ClInclude Include="..\integrator\path-tracer\path-tracer.h">
      <Filter>sources\render</Filter>
    </ClInclude>
    <ClInclude Include="..\integrator\photon-mapper\photon-mapper.h">
      <Filter>sources\render</Filter>
    </ClInclude>
    <ClInclude Include="..\integrator\photon-mapper\photon.h">
      <Filter>sources\render</Filter>
    </ClInclude>
    <ClInclude Include="..\material\fresnel.h">
      <Filter>sources\render</Filter>
    </ClInclude>
    <ClInclude Include="..\material\ggx.h">
      <Filter>sources\render</Filter>
    </ClInclude>
    <ClInclude Include="..\material\material.h">
      <Filter>sources\render</Filter>
    </ClInclude>
    <ClInclude Include="..\octree\linear-octree.h">
      <Filter>sources\render</Filter>
    </ClInclude>
    <ClInclude Include="..\octree\octree.h">
      <Filter>sources\render</Filter>
    </ClInclude>
    <ClInclude Include="..\ray\interaction.h">
      <Filter>sources\render</Filter>
    </ClInclude>
    <ClInclude Include="..\ray\intersection.h">
      <Filter>sources\render</Filter>
    </ClInclude>
    <ClInclude Include="..\ray\ray.h">
      <Filter>sources\render</Filter>
    </ClInclude>
    <ClInclude Include="..\sampling\sampler.h">
      <Filter>sources\render</Filter>
    </ClInclude>
    <ClInclude Include="..\sampling\sampling.h">
      <Filter>sources\render</Filter>
    </ClInclude>
    <ClInclude Include="..\sampling\sobol.h">
      <Filter>sources\render</Filter>
    </ClInclude>
    <ClInclude Include="..\scene\scene.h">
      <Filter>sources\render</Filter>
    </ClInclude>
    <ClInclude Include="..\surface\surface.h">
      <Filter>sources\render</Filter>
    </ClInclude>
    <ClInclude Include="..\bvh\bvh.h">
      <Filter>sources\render</Filter>
    </ClInclude>
    <ClInclude Include="..\camera\camera.h">
      <Filter>sources\render</Filter>
    </ClInclude>
    <ClInclude Include="..\camera\film.h">
      <Filter>sources\render</Filter>
    </ClInclude>
    <ClInclude Include="..\camera\filter.h">
      <Filter>sources\render</Filter>
    </ClInclude>
    <ClInclude Include="..\camera\image.h">
      <Filter>sources\render</Filter>
    </ClInclude>
    <ClInclude Include="..\camera\pixel-operators.h">
      <Filter>sources\render</Filter>
    </ClInclude>
    <ClInclude Include="..\color\cie.h">
      <Filter>sources\render</Filter>
    </ClInclude>
    <ClInclude Include="..\color\cmf.h">
      <Filter>sources\render</Filter>
    </ClInclude>
    <ClInclude Include="..\color\d65.h">
      <Filter>sources\render</Filter>
    </ClInclude>
    <ClInclude Include="..\color\illuminant.h">
      <Filter>sources\render</Filter>
    </ClInclude>
    <ClInclude Include="..\color\spectral.h">
      <Filter>sources\render</Filter>
    </ClInclude>
    <ClInclude Include="..\color\srgb.h">
      <Filter>sources\render</Filter>
    </ClInclude>
    <ClInclude Include="..\..\backend\imgui_impl_glfw.h">
      <Filter>sources\imgui</Filter>
    </ClInclude>
    <ClInclude Include="..\..\backend\imgui_impl_opengl3.h">
      <Filter>sources\imgui</Filter>
    </ClInclude>
    <ClInclude Include="..\..\backend\imgui_impl_opengl3_loader.h">
      <Filter>sources\imgui</Filter>
    </ClInclude>
    <ClInclude Include="gui_param_tool.h">
      <Filter>sources</Filter>
    </ClInclude>
    <ClInclude Include="..\libs\stb\stb_image.h">
      <Filter>sources\stb</Filter>
    </ClInclude>
    <ClInclude Include="gui_widgets.h">
      <Filter>sources</Filter>
    </ClInclude>
  </ItemGroup>
  <ItemGroup>
    <None Include="..\README.txt" />
    <None Include="..\..\.gitattributes" />
    <None Include="..\..\.gitignore" />
    <None Include="..\..\.editorconfig" />
    <None Include="..\..\misc\debuggers\imgui.natvis">
      <Filter>sources\imgui</Filter>
    </None>
  </ItemGroup>
</Project>