<?xml version="1.0" encoding="utf-8"?>
<Project ToolsVersion="4.0" xmlns="http://schemas.microsoft.com/developer/msbuild/2003">
  <ItemGroup>
    <Filter Include="imgui">
      <UniqueIdentifier>{20b90ce4-7fcb-4731-b9a0-075f875de82d}</UniqueIdentifier>
    </Filter>
    <Filter Include="sources">
      <UniqueIdentifier>{f18ab499-84e1-499f-8eff-9754361e0e52}</UniqueIdentifier>
      <Extensions>cpp;c;cc;cxx;def;odl;idl;hpj;bat;asm;asmx</Extensions>
    </Filter>
    <Filter Include="sources\render">
      <UniqueIdentifier>{d054e0ec-95ee-4761-8260-5c40fa6e2701}</UniqueIdentifier>
    </Filter>
    <Filter Include="sources\render\dependencies">
      <UniqueIdentifier>{ed125117-9e15-40db-9f15-a02389b69ade}</UniqueIdentifier>
    </Filter>
  </ItemGroup>
  <ItemGroup>
    <ClCompile Include="main.cpp">
      <Filter>sources</Filter>
    </ClCompile>
    <ClCompile Include="..\..\imgui.cpp">
      <Filter>imgui</Filter>
    </ClCompile>
    <ClCompile Include="..\..\imgui_demo.cpp">
      <Filter>imgui</Filter>
    </ClCompile>
    <ClCompile Include="..\..\imgui_draw.cpp">
      <Filter>imgui</Filter>
    </ClCompile>
    <ClCompile Include="..\..\imgui_tables.cpp">
      <Filter>imgui</Filter>
    </ClCompile>
    <ClCompile Include="..\..\imgui_widgets.cpp">
      <Filter>imgui</Filter>
    </ClCompile>
    <ClCompile Include="..\..\backend\imgui_impl_glfw.cpp">
      <Filter>sources</Filter>
    </ClCompile>
    <ClCompile Include="..\..\backend\imgui_impl_opengl3.cpp">
      <Filter>sources</Filter>
    </ClCompile>
    <ClCompile Include="mapping.cpp">
      <Filter>sources\render</Filter>
    </ClCompile>
    <ClCompile Include="material.cpp">
      <Filter>sources\render</Filter>
    </ClCompile>
    <ClCompile Include="obj_loader.cpp">
      <Filter>sources\render</Filter>
    </ClCompile>
    <ClCompile Include="object.cpp">
      <Filter>sources\render</Filter>
    </ClCompile>
    <ClCompile Include="random.cpp">
      <Filter>sources\render</Filter>
    </ClCompile>
    <ClCompile Include="ray.cpp">
      <Filter>sources\render</Filter>
    </ClCompile>
    <ClCompile Include="scene.cpp">
      <Filter>sources\render</Filter>
    </ClCompile>
    <ClCompile Include="surface.cpp">
      <Filter>sources\render</Filter>
    </ClCompile>
    <ClCompile Include="texture.cpp">
      <Filter>sources\render</Filter>
    </ClCompile>
    <ClCompile Include="tracer.cpp">
      <Filter>sources\render</Filter>
    </ClCompile>
    <ClCompile Include="utility.cpp">
      <Filter>sources\render</Filter>
    </ClCompile>
    <ClCompile Include="vec.cpp">
      <Filter>sources\render</Filter>
    </ClCompile>
    <ClCompile Include="build_scene.cpp">
      <Filter>sources\render</Filter>
    </ClCompile>
    <ClCompile Include="bvh.cpp">
      <Filter>sources\render</Filter>
    </ClCompile>
    <ClCompile Include="camera.cpp">
      <Filter>sources\render</Filter>
    </ClCompile>
    <ClCompile Include="hdr.cpp">
      <Filter>sources\render</Filter>
    </ClCompile>
    <ClCompile Include="lattice_noise.cpp">
      <Filter>sources\render</Filter>
    </ClCompile>
    <ClCompile Include="loader.cpp">
      <Filter>sources\render</Filter>
    </ClCompile>
  </ItemGroup>
  <ItemGroup>
    <ClInclude Include="..\..\imconfig.h">
      <Filter>imgui</Filter>
    </ClInclude>
    <ClInclude Include="..\..\imgui.h">
      <Filter>imgui</Filter>
    </ClInclude>
    <ClInclude Include="..\..\imgui_internal.h">
      <Filter>imgui</Filter>
    </ClInclude>
    <ClInclude Include="..\..\backend\imgui_impl_glfw.h">
      <Filter>sources</Filter>
    </ClInclude>
    <ClInclude Include="..\..\backend\imgui_impl_opengl3.h">
      <Filter>sources</Filter>
    </ClInclude>
    <ClInclude Include="..\..\backend\imgui_impl_opengl3_loader.h">
      <Filter>sources</Filter>
    </ClInclude>
    <ClInclude Include="build_scene.h">
      <Filter>sources\render</Filter>
    </ClInclude>
    <ClInclude Include="bvh.h">
      <Filter>sources\render</Filter>
    </ClInclude>
    <ClInclude Include="camera.h">
      <Filter>sources\render</Filter>
    </ClInclude>
    <ClInclude Include="constant.h">
      <Filter>sources\render</Filter>
    </ClInclude>
    <ClInclude Include="hdr.h">
      <Filter>sources\render</Filter>
    </ClInclude>
    <ClInclude Include="lattice_noise.h">
      <Filter>sources\render</Filter>
    </ClInclude>
    <ClInclude Include="loader.h">
      <Filter>sources\render</Filter>
    </ClInclude>
    <ClInclude Include="mapping.h">
      <Filter>sources\render</Filter>
    </ClInclude>
    <ClInclude Include="material.h">
      <Filter>sources\render</Filter>
    </ClInclude>
    <ClInclude Include="obj_loader.h">
      <Filter>sources\render</Filter>
    </ClInclude>
    <ClInclude Include="object.h">
      <Filter>sources\render</Filter>
    </ClInclude>
    <ClInclude Include="random.h">
      <Filter>sources\render</Filter>
    </ClInclude>
    <ClInclude Include="ray.h">
      <Filter>sources\render</Filter>
    </ClInclude>
    <ClInclude Include="scene.h">
      <Filter>sources\render</Filter>
    </ClInclude>
    <ClInclude Include="surface.h">
      <Filter>sources\render</Filter>
    </ClInclude>
    <ClInclude Include="texture.h">
      <Filter>sources\render</Filter>
    </ClInclude>
    <ClInclude Include="tracer.h">
      <Filter>sources\render</Filter>
    </ClInclude>
    <ClInclude Include="utility.h">
      <Filter>sources\render</Filter>
    </ClInclude>
    <ClInclude Include="vec.h">
      <Filter>sources\render</Filter>
    </ClInclude>
    <ClInclude Include="wrapper.h">
      <Filter>sources\render</Filter>
    </ClInclude>
    <ClInclude Include="..\libs\stb\stb_image.h">
      <Filter>sources\render\dependencies</Filter>
    </ClInclude>
  </ItemGroup>
  <ItemGroup>
    <None Include="..\README.txt" />
    <None Include="..\..\misc\debuggers\imgui.natvis">
      <Filter>sources</Filter>
    </None>
    <None Include="..\..\.gitattributes" />
    <None Include="..\..\.gitignore" />
    <None Include="..\..\.editorconfig" />
  </ItemGroup>
</Project>