<?xml version="1.0" encoding="utf-8"?>
<Project ToolsVersion="4.0" xmlns="http://schemas.microsoft.com/developer/msbuild/2003">
  <ItemGroup>
    <Filter Include="sources">
      <UniqueIdentifier>{f18ab499-84e1-499f-8eff-9754361e0e52}</UniqueIdentifier>
      <Extensions>cpp;c;cc;cxx;def;odl;idl;hpj;bat;asm;asmx</Extensions>
    </Filter>
    <Filter Include="sources\imgui">
      <UniqueIdentifier>{20b90ce4-7fcb-4731-b9a0-075f875de82d}</UniqueIdentifier>
    </Filter>
    <Filter Include="sources\glad">
      <UniqueIdentifier>{ccef4641-4c46-48f1-90d6-d597a23b14d6}</UniqueIdentifier>
    </Filter>
    <Filter Include="sources\camera">
      <UniqueIdentifier>{65df3e70-1270-48b3-82e8-3fc88a3d4237}</UniqueIdentifier>
    </Filter>
    <Filter Include="sources\camera\image process">
      <UniqueIdentifier>{043769d4-a500-4ca2-a3e9-4da4423697dc}</UniqueIdentifier>
    </Filter>
    <Filter Include="sources\camera\integrators">
      <UniqueIdentifier>{974352f5-995f-4a60-b40f-300ccbbd560f}</UniqueIdentifier>
    </Filter>
    <Filter Include="sources\camera\physical materials">
      <UniqueIdentifier>{1f6588ea-1d80-4fd9-b502-0f5f6e596d48}</UniqueIdentifier>
    </Filter>
    <Filter Include="sources\camera\samplers">
      <UniqueIdentifier>{fe6496f2-a2f4-44d6-a15b-15a0b0a4f94c}</UniqueIdentifier>
    </Filter>
    <Filter Include="sources\camera\scene manage">
      <UniqueIdentifier>{ce438ee3-c1b5-44e1-a293-2faa09368a61}</UniqueIdentifier>
    </Filter>
    <Filter Include="sources\camera\surface">
      <UniqueIdentifier>{09bb1da3-7bde-40b7-bf71-34c919da6805}</UniqueIdentifier>
    </Filter>
    <Filter Include="sources\camera\integrators\path tracing">
      <UniqueIdentifier>{3c490694-6b87-437e-bd94-977015de3f8a}</UniqueIdentifier>
    </Filter>
    <Filter Include="sources\camera\integrators\photon mapping">
      <UniqueIdentifier>{d79c264f-daaf-4a44-90a6-317c50750af9}</UniqueIdentifier>
    </Filter>
    <Filter Include="sources\tools">
      <UniqueIdentifier>{594baae4-ce3d-4171-a945-af350af02e1a}</UniqueIdentifier>
    </Filter>
    <Filter Include="sources\user interface">
      <UniqueIdentifier>{108debea-4bdd-495b-9a8a-741b184252c6}</UniqueIdentifier>
    </Filter>
  </ItemGroup>
  <ItemGroup>
    <ClCompile Include="main.cpp">
      <Filter>sources</Filter>
    </ClCompile>
    <ClCompile Include="..\..\imgui.cpp">
      <Filter>sources\imgui</Filter>
    </ClCompile>
    <ClCompile Include="..\..\imgui_demo.cpp">
      <Filter>sources\imgui</Filter>
    </ClCompile>
    <ClCompile Include="..\..\imgui_draw.cpp">
      <Filter>sources\imgui</Filter>
    </ClCompile>
    <ClCompile Include="..\..\imgui_tables.cpp">
      <Filter>sources\imgui</Filter>
    </ClCompile>
    <ClCompile Include="..\..\imgui_widgets.cpp">
      <Filter>sources\imgui</Filter>
    </ClCompile>
    <ClCompile Include="..\libs\glad\src\glad.c">
      <Filter>sources\glad</Filter>
    </ClCompile>
    <ClCompile Include="..\..\backend\imgui_impl_glfw.cpp">
      <Filter>sources\imgui</Filter>
    </ClCompile>
    <ClCompile Include="..\..\backend\imgui_impl_opengl3.cpp">
      <Filter>sources\imgui</Filter>
    </ClCompile>
    <ClCompile Include="..\camera\camera.cpp">
      <Filter>sources\camera</Filter>
    </ClCompile>
    <ClCompile Include="..\camera\interaction.cpp">
      <Filter>sources\camera</Filter>
    </ClCompile>
    <ClCompile Include="..\camera\ray.cpp">
      <Filter>sources\camera</Filter>
    </ClCompile>
    <ClCompile Include="..\camera\scene.cpp">
      <Filter>sources\camera</Filter>
    </ClCompile>
    <ClCompile Include="..\camera\image process\film.cpp">
      <Filter>sources\camera\image process</Filter>
    </ClCompile>
    <ClCompile Include="..\camera\image process\image.cpp">
      <Filter>sources\camera\image process</Filter>
    </ClCompile>
    <ClCompile Include="..\camera\image process\pixel-operators.cpp">
      <Filter>sources\camera\image process</Filter>
    </ClCompile>
    <ClCompile Include="..\camera\integrators\photon-mapper\photon-mapper.cpp">
      <Filter>sources\camera\integrators\photon mapping</Filter>
    </ClCompile>
    <ClCompile Include="..\camera\integrators\path-tracer\path-tracer.cpp">
      <Filter>sources\camera\integrators\path tracing</Filter>
    </ClCompile>
    <ClCompile Include="..\camera\integrators\integrator.cpp">
      <Filter>sources\camera\integrators</Filter>
    </ClCompile>
    <ClCompile Include="..\camera\physical materials\fresnel.cpp">
      <Filter>sources\camera\physical materials</Filter>
    </ClCompile>
    <ClCompile Include="..\camera\physical materials\ggx.cpp">
      <Filter>sources\camera\physical materials</Filter>
    </ClCompile>
    <ClCompile Include="..\camera\physical materials\material.cpp">
      <Filter>sources\camera\physical materials</Filter>
    </ClCompile>
    <ClCompile Include="..\camera\surface\quadric.cpp">
      <Filter>sources\camera\surface</Filter>
    </ClCompile>
    <ClCompile Include="..\camera\surface\sphere.cpp">
      <Filter>sources\camera\surface</Filter>
    </ClCompile>
    <ClCompile Include="..\camera\surface\triangle.cpp">
      <Filter>sources\camera\surface</Filter>
    </ClCompile>
    <ClCompile Include="..\camera\scene manage\bounding-box.cpp">
      <Filter>sources\camera\scene manage</Filter>
    </ClCompile>
    <ClCompile Include="..\camera\scene manage\bvh.cpp">
      <Filter>sources\camera\scene manage</Filter>
    </ClCompile>
    <ClCompile Include="..\camera\scene manage\linear-octree.cpp">
      <Filter>sources\camera\scene manage</Filter>
    </ClCompile>
    <ClCompile Include="..\camera\scene manage\octree.cpp">
      <Filter>sources\camera\scene manage</Filter>
    </ClCompile>
    <ClCompile Include="..\tools\coordinate-system.cpp">
      <Filter>sources\tools</Filter>
    </ClCompile>
    <ClCompile Include="..\tools\format.cpp">
      <Filter>sources\tools</Filter>
    </ClCompile>
    <ClCompile Include="..\tools\histogram.cpp">
      <Filter>sources\tools</Filter>
    </ClCompile>
  </ItemGroup>
  <ItemGroup>
    <ClInclude Include="..\..\imconfig.h">
      <Filter>sources\imgui</Filter>
    </ClInclude>
    <ClInclude Include="..\..\imgui.h">
      <Filter>sources\imgui</Filter>
    </ClInclude>
    <ClInclude Include="..\..\imgui_internal.h">
      <Filter>sources\imgui</Filter>
    </ClInclude>
    <ClInclude Include="..\..\backend\imgui_impl_glfw.h">
      <Filter>sources\imgui</Filter>
    </ClInclude>
    <ClInclude Include="..\..\backend\imgui_impl_opengl3.h">
      <Filter>sources\imgui</Filter>
    </ClInclude>
    <ClInclude Include="..\..\backend\imgui_impl_opengl3_loader.h">
      <Filter>sources\imgui</Filter>
    </ClInclude>
    <ClInclude Include="..\camera\camera.h">
      <Filter>sources\camera</Filter>
    </ClInclude>
    <ClInclude Include="..\camera\interaction.h">
      <Filter>sources\camera</Filter>
    </ClInclude>
    <ClInclude Include="..\camera\intersection.h">
      <Filter>sources\camera</Filter>
    </ClInclude>
    <ClInclude Include="..\camera\ray.h">
      <Filter>sources\camera</Filter>
    </ClInclude>
    <ClInclude Include="..\camera\scene.h">
      <Filter>sources\camera</Filter>
    </ClInclude>
    <ClInclude Include="..\camera\image process\film.h">
      <Filter>sources\camera\image process</Filter>
    </ClInclude>
    <ClInclude Include="..\camera\image process\image.h">
      <Filter>sources\camera\image process</Filter>
    </ClInclude>
    <ClInclude Include="..\camera\image process\pixel-operators.h">
      <Filter>sources\camera\image process</Filter>
    </ClInclude>
    <ClInclude Include="..\camera\image process\srgb.h">
      <Filter>sources\camera\image process</Filter>
    </ClInclude>
    <ClInclude Include="..\camera\integrators\photon-mapper\photon-mapper.h">
      <Filter>sources\camera\integrators\photon mapping</Filter>
    </ClInclude>
    <ClInclude Include="..\camera\integrators\path-tracer\path-tracer.h">
      <Filter>sources\camera\integrators\path tracing</Filter>
    </ClInclude>
    <ClInclude Include="..\camera\integrators\integrator.h">
      <Filter>sources\camera\integrators</Filter>
    </ClInclude>
    <ClInclude Include="..\camera\physical materials\fresnel.h">
      <Filter>sources\camera\physical materials</Filter>
    </ClInclude>
    <ClInclude Include="..\camera\physical materials\ggx.h">
      <Filter>sources\camera\physical materials</Filter>
    </ClInclude>
    <ClInclude Include="..\camera\physical materials\material.h">
      <Filter>sources\camera\physical materials</Filter>
    </ClInclude>
    <ClInclude Include="..\camera\surface\surface.h">
      <Filter>sources\camera\surface</Filter>
    </ClInclude>
    <ClInclude Include="..\camera\scene manage\bounding-box.h">
      <Filter>sources\camera\scene manage</Filter>
    </ClInclude>
    <ClInclude Include="..\camera\scene manage\bvh.h">
      <Filter>sources\camera\scene manage</Filter>
    </ClInclude>
    <ClInclude Include="..\camera\scene manage\linear-octree.h">
      <Filter>sources\camera\scene manage</Filter>
    </ClInclude>
    <ClInclude Include="..\camera\scene manage\octree.h">
      <Filter>sources\camera\scene manage</Filter>
    </ClInclude>
    <ClInclude Include="..\camera\sampler\sampling.h">
      <Filter>sources\camera\samplers</Filter>
    </ClInclude>
    <ClInclude Include="..\camera\sampler\sampler.h">
      <Filter>sources\camera\samplers</Filter>
    </ClInclude>
    <ClInclude Include="..\camera\sampler\sobol.h">
      <Filter>sources\camera\samplers</Filter>
    </ClInclude>
    <ClInclude Include="..\tools\constexpr-math.h">
      <Filter>sources\tools</Filter>
    </ClInclude>
    <ClInclude Include="..\tools\coordinate-system.h">
      <Filter>sources\tools</Filter>
    </ClInclude>
    <ClInclude Include="..\tools\format.h">
      <Filter>sources\tools</Filter>
    </ClInclude>
    <ClInclude Include="..\tools\priority-queue.h">
      <Filter>sources\tools</Filter>
    </ClInclude>
    <ClInclude Include="..\tools\unrolled-loop.h">
      <Filter>sources\tools</Filter>
    </ClInclude>
    <ClInclude Include="..\tools\util.h">
      <Filter>sources\tools</Filter>
    </ClInclude>
    <ClInclude Include="..\tools\work-queue.h">
      <Filter>sources\tools</Filter>
    </ClInclude>
    <ClInclude Include="..\tools\histogram.h">
      <Filter>sources\tools</Filter>
    </ClInclude>
    <ClInclude Include="..\camera\integrators\photon-mapper\photon.h">
      <Filter>sources\camera\integrators\photon mapping</Filter>
    </ClInclude>
    <ClInclude Include="..\user interface\gui_widgets.h">
      <Filter>sources\user interface</Filter>
    </ClInclude>
    <ClInclude Include="..\user interface\gui_param_tool.h">
      <Filter>sources\user interface</Filter>
    </ClInclude>
  </ItemGroup>
  <ItemGroup>
    <None Include="..\README.txt" />
    <None Include="..\..\.gitattributes" />
    <None Include="..\..\.gitignore" />
    <None Include="..\..\.editorconfig" />
    <None Include="..\..\misc\debuggers\imgui.natvis">
      <Filter>sources\imgui</Filter>
    </None>
  </ItemGroup>
</Project>